// !$*UTF8*$!
{
	archiveVersion = 1;
	classes = {
	};
	objectVersion = 46;
	objects = {

/* Begin PBXBuildFile section */
		2AFFFB61A0D077FAD3A64A9D /* ContentView.swift in Sources */ = {isa = PBXBuildFile; fileRef = E83456683C82542E373F2498 /* ContentView.swift */; };
		373B0E9E0C058F46A28F70B2 /* HardeningModel.swift in Sources */ = {isa = PBXBuildFile; fileRef = 26710787BACD677AED9C4222 /* HardeningModel.swift */; };
		44A388B6AFF5B67B3F078974 /* Foundation.framework in Frameworks */ = {isa = PBXBuildFile; fileRef = BC98C07658D1ACC9BC0BC0F1 /* Foundation.framework */; };
		A25F4071CAC01329F1BF74E1 /* SampleApp.swift in Sources */ = {isa = PBXBuildFile; fileRef = 5E6A656B86C727DE8A937E16 /* SampleApp.swift */; };
		E552604D6CEFB9259201BCA5 /* MobileHardeningKit in Frameworks */ = {isa = PBXBuildFile; productRef = 9D21228FD78FC1E20D0F7178 /* MobileHardeningKit */; };
/* End PBXBuildFile section */

/* Begin PBXFileReference section */
		26710787BACD677AED9C4222 /* HardeningModel.swift */ = {isa = PBXFileReference; includeInIndex = 1; lastKnownFileType = sourcecode.swift; path = HardeningModel.swift; sourceTree = "<group>"; };
		29B324521092EA1D844F4A91 /* MobileHardeningKitSample.app */ = {isa = PBXFileReference; explicitFileType = wrapper.application; includeInIndex = 0; path = MobileHardeningKitSample.app; sourceTree = BUILT_PRODUCTS_DIR; };
		5E6A656B86C727DE8A937E16 /* SampleApp.swift */ = {isa = PBXFileReference; includeInIndex = 1; lastKnownFileType = sourcecode.swift; path = SampleApp.swift; sourceTree = "<group>"; };
		9C5A7BAD0EBB17A483FB3A61 /* Info.plist */ = {isa = PBXFileReference; includeInIndex = 1; lastKnownFileType = text.plist.xml; path = Info.plist; sourceTree = "<group>"; };
		BC98C07658D1ACC9BC0BC0F1 /* Foundation.framework */ = {isa = PBXFileReference; lastKnownFileType = wrapper.framework; name = Foundation.framework; path = Platforms/iPhoneOS.platform/Developer/SDKs/iPhoneOS18.0.sdk/System/Library/Frameworks/Foundation.framework; sourceTree = DEVELOPER_DIR; };
		E83456683C82542E373F2498 /* ContentView.swift */ = {isa = PBXFileReference; includeInIndex = 1; lastKnownFileType = sourcecode.swift; path = ContentView.swift; sourceTree = "<group>"; };
/* End PBXFileReference section */

/* Begin PBXFrameworksBuildPhase section */
		D1F846EE6524F7CE3DFB7241 /* Frameworks */ = {
			isa = PBXFrameworksBuildPhase;
			buildActionMask = 2147483647;
			files = (
				44A388B6AFF5B67B3F078974 /* Foundation.framework in Frameworks */,
				E552604D6CEFB9259201BCA5 /* MobileHardeningKit in Frameworks */,
			);
			runOnlyForDeploymentPostprocessing = 0;
		};
/* End PBXFrameworksBuildPhase section */

/* Begin PBXGroup section */
		27130F8CA7E07BC1D8EEB274 /* Products */ = {
			isa = PBXGroup;
			children = (
				29B324521092EA1D844F4A91 /* MobileHardeningKitSample.app */,
			);
			name = Products;
			sourceTree = "<group>";
		};
		AD48D10E83A2EC4D722876B9 /* MobileHardeningKitSample */ = {
			isa = PBXGroup;
			children = (
				5E6A656B86C727DE8A937E16 /* SampleApp.swift */,
				26710787BACD677AED9C4222 /* HardeningModel.swift */,
				E83456683C82542E373F2498 /* ContentView.swift */,
				9C5A7BAD0EBB17A483FB3A61 /* Info.plist */,
			);
			name = MobileHardeningKitSample;
			path = MobileHardeningKitSample;
			sourceTree = "<group>";
		};
		C87FB2D26F62A0F89DC3124E /* iOS */ = {
			isa = PBXGroup;
			children = (
				BC98C07658D1ACC9BC0BC0F1 /* Foundation.framework */,
			);
			name = iOS;
			sourceTree = "<group>";
		};
		CD9079F0A589710DFC08144F = {
			isa = PBXGroup;
			children = (
				27130F8CA7E07BC1D8EEB274 /* Products */,
				E56A422304098C26E1F562FF /* Frameworks */,
				AD48D10E83A2EC4D722876B9 /* MobileHardeningKitSample */,
			);
			sourceTree = "<group>";
		};
		E56A422304098C26E1F562FF /* Frameworks */ = {
			isa = PBXGroup;
			children = (
				C87FB2D26F62A0F89DC3124E /* iOS */,
			);
			name = Frameworks;
			sourceTree = "<group>";
		};
/* End PBXGroup section */

/* Begin PBXNativeTarget section */
		70B9EA0DE1BBB749826A75DB /* MobileHardeningKitSample */ = {
			isa = PBXNativeTarget;
			buildConfigurationList = 89317A21082CDD0F781463C7 /* Build configuration list for PBXNativeTarget "MobileHardeningKitSample" */;
			buildPhases = (
				1C9FA5BB42F04905555582FE /* Sources */,
				D1F846EE6524F7CE3DFB7241 /* Frameworks */,
				8A57DA3AA395B63F0E6B3BC5 /* Resources */,
			);
			buildRules = (
			);
			dependencies = (
			);
			name = MobileHardeningKitSample;
			packageProductDependencies = (
				9D21228FD78FC1E20D0F7178 /* MobileHardeningKit */,
			);
			productName = MobileHardeningKitSample;
			productReference = 29B324521092EA1D844F4A91 /* MobileHardeningKitSample.app */;
			productType = "com.apple.product-type.application";
		};
/* End PBXNativeTarget section */

/* Begin PBXProject section */
		01E6CAD5675AE5714F906C50 /* Project object */ = {
			isa = PBXProject;
			attributes = {
				LastSwiftUpdateCheck = 1600;
				LastUpgradeCheck = 1600;
			};
			buildConfigurationList = 16F7C1ADEA922DFB4D446AD4 /* Build configuration list for PBXProject "MobileHardeningKitSample" */;
			compatibilityVersion = "Xcode 3.2";
			developmentRegion = en;
			hasScannedForEncodings = 0;
			knownRegions = (
				en,
				Base,
			);
			mainGroup = CD9079F0A589710DFC08144F;
			minimizedProjectReferenceProxies = 0;
			packageReferences = (
				8B320816DD064429A9F9D3A0 /* XCLocalSwiftPackageReference ".." */,
			);
			preferredProjectObjectVersion = 77;
			productRefGroup = 27130F8CA7E07BC1D8EEB274 /* Products */;
			projectDirPath = "";
			projectRoot = "";
			targets = (
				70B9EA0DE1BBB749826A75DB /* MobileHardeningKitSample */,
			);
		};
/* End PBXProject section */

/* Begin PBXResourcesBuildPhase section */
		8A57DA3AA395B63F0E6B3BC5 /* Resources */ = {
			isa = PBXResourcesBuildPhase;
			buildActionMask = 2147483647;
			files = (
			);
			runOnlyForDeploymentPostprocessing = 0;
		};
/* End PBXResourcesBuildPhase section */

/* Begin PBXSourcesBuildPhase section */
		1C9FA5BB42F04905555582FE /* Sources */ = {
			isa = PBXSourcesBuildPhase;
			buildActionMask = 2147483647;
			files = (
				A25F4071CAC01329F1BF74E1 /* SampleApp.swift in Sources */,
				373B0E9E0C058F46A28F70B2 /* HardeningModel.swift in Sources */,
				2AFFFB61A0D077FAD3A64A9D /* ContentView.swift in Sources */,
			);
			runOnlyForDeploymentPostprocessing = 0;
		};
/* End PBXSourcesBuildPhase section */

/* Begin XCBuildConfiguration section */
		6BD9514E5DA3A3BFC0043BC7 /* Debug */ = {
			isa = XCBuildConfiguration;
			buildSettings = {
				ALWAYS_SEARCH_USER_PATHS = NO;
				CLANG_ANALYZER_NONNULL = YES;
				CLANG_ANALYZER_NUMBER_OBJECT_CONVERSION = YES_AGGRESSIVE;
				CLANG_CXX_LANGUAGE_STANDARD = "gnu++14";
				CLANG_CXX_LIBRARY = "libc++";
				CLANG_ENABLE_MODULES = YES;
				CLANG_ENABLE_OBJC_ARC = YES;
				CLANG_ENABLE_OBJC_WEAK = YES;
				CLANG_WARN_BLOCK_CAPTURE_AUTORELEASING = YES;
				CLANG_WARN_BOOL_CONVERSION = YES;
				CLANG_WARN_COMMA = YES;
				CLANG_WARN_CONSTANT_CONVERSION = YES;
				CLANG_WARN_DEPRECATED_OBJC_IMPLEMENTATIONS = YES;
				CLANG_WARN_DIRECT_OBJC_ISA_USAGE = YES_ERROR;
				CLANG_WARN_DOCUMENTATION_COMMENTS = YES;
				CLANG_WARN_EMPTY_BODY = YES;
				CLANG_WARN_ENUM_CONVERSION = YES;
				CLANG_WARN_INFINITE_RECURSION = YES;
				CLANG_WARN_INT_CONVERSION = YES;
				CLANG_WARN_NON_LITERAL_NULL_CONVERSION = YES;
				CLANG_WARN_OBJC_IMPLICIT_RETAIN_SELF = YES;
				CLANG_WARN_OBJC_LITERAL_CONVERSION = YES;
				CLANG_WARN_OBJC_ROOT_CLASS = YES_ERROR;
				CLANG_WARN_QUOTED_INCLUDE_IN_FRAMEWORK_HEADER = YES;
				CLANG_WARN_RANGE_LOOP_ANALYSIS = YES;
				CLANG_WARN_STRICT_PROTOTYPES = YES;
				CLANG_WARN_SUSPICIOUS_MOVE = YES;
				CLANG_WARN_UNGUARDED_AVAILABILITY = YES_AGGRESSIVE;
				CLANG_WARN_UNREACHABLE_CODE = YES;
				CLANG_WARN__DUPLICATE_METHOD_MATCH = YES;
				COPY_PHASE_STRIP = NO;
				DEBUG_INFORMATION_FORMAT = dwarf;
				ENABLE_STRICT_OBJC_MSGSEND = YES;
				ENABLE_TESTABILITY = YES;
				GCC_C_LANGUAGE_STANDARD = gnu11;
				GCC_DYNAMIC_NO_PIC = NO;
				GCC_NO_COMMON_BLOCKS = YES;
				GCC_OPTIMIZATION_LEVEL = 0;
				GCC_PREPROCESSOR_DEFINITIONS = (
					"DEBUG=1",
					"$(inherited)",
				);
				GCC_WARN_64_TO_32_BIT_CONVERSION = YES;
				GCC_WARN_ABOUT_RETURN_TYPE = YES_ERROR;
				GCC_WARN_UNDECLARED_SELECTOR = YES;
				GCC_WARN_UNINITIALIZED_AUTOS = YES_AGGRESSIVE;
				GCC_WARN_UNUSED_FUNCTION = YES;
				GCC_WARN_UNUSED_VARIABLE = YES;
				MTL_ENABLE_DEBUG_INFO = INCLUDE_SOURCE;
				MTL_FAST_MATH = YES;
				ONLY_ACTIVE_ARCH = YES;
				PRODUCT_NAME = "$(TARGET_NAME)";
				SWIFT_ACTIVE_COMPILATION_CONDITIONS = DEBUG;
				SWIFT_OPTIMIZATION_LEVEL = "-Onone";
				SWIFT_VERSION = 5.0;
			};
			name = Debug;
		};
		9123F34BA2701E6CDE0FC637 /* Release */ = {
			isa = XCBuildConfiguration;
			buildSettings = {
				ASSETCATALOG_COMPILER_APPICON_NAME = AppIcon;
				ASSETCATALOG_COMPILER_GLOBAL_ACCENT_COLOR_NAME = AccentColor;
				CLANG_ENABLE_OBJC_WEAK = NO;
				CODE_SIGN_STYLE = Automatic;
				ENABLE_PREVIEWS = YES;
				INFOPLIST_FILE = MobileHardeningKitSample/Info.plist;
				IPHONEOS_DEPLOYMENT_TARGET = 14.0;
				LD_RUNPATH_SEARCH_PATHS = "$(inherited) @executable_path/Frameworks";
				PRODUCT_BUNDLE_IDENTIFIER = "com.mekari.mobile-hardening-kit.sample";
				SDKROOT = iphoneos;
				SWIFT_VERSION = 5.0;
				TARGETED_DEVICE_FAMILY = "1,2";
				VALIDATE_PRODUCT = YES;
			};
			name = Release;
		};
		947E882A718E31BCCF371AF0 /* Release */ = {
			isa = XCBuildConfiguration;
			buildSettings = {
				ALWAYS_SEARCH_USER_PATHS = NO;
				CLANG_ANALYZER_NONNULL = YES;
				CLANG_ANALYZER_NUMBER_OBJECT_CONVERSION = YES_AGGRESSIVE;
				CLANG_CXX_LANGUAGE_STANDARD = "gnu++14";
				CLANG_CXX_LIBRARY = "libc++";
				CLANG_ENABLE_MODULES = YES;
				CLANG_ENABLE_OBJC_ARC = YES;
				CLANG_ENABLE_OBJC_WEAK = YES;
				CLANG_WARN_BLOCK_CAPTURE_AUTORELEASING = YES;
				CLANG_WARN_BOOL_CONVERSION = YES;
				CLANG_WARN_COMMA = YES;
				CLANG_WARN_CONSTANT_CONVERSION = YES;
				CLANG_WARN_DEPRECATED_OBJC_IMPLEMENTATIONS = YES;
				CLANG_WARN_DIRECT_OBJC_ISA_USAGE = YES_ERROR;
				CLANG_WARN_DOCUMENTATION_COMMENTS = YES;
				CLANG_WARN_EMPTY_BODY = YES;
				CLANG_WARN_ENUM_CONVERSION = YES;
				CLANG_WARN_INFINITE_RECURSION = YES;
				CLANG_WARN_INT_CONVERSION = YES;
				CLANG_WARN_NON_LITERAL_NULL_CONVERSION = YES;
				CLANG_WARN_OBJC_IMPLICIT_RETAIN_SELF = YES;
				CLANG_WARN_OBJC_LITERAL_CONVERSION = YES;
				CLANG_WARN_OBJC_ROOT_CLASS = YES_ERROR;
				CLANG_WARN_QUOTED_INCLUDE_IN_FRAMEWORK_HEADER = YES;
				CLANG_WARN_RANGE_LOOP_ANALYSIS = YES;
				CLANG_WARN_STRICT_PROTOTYPES = YES;
				CLANG_WARN_SUSPICIOUS_MOVE = YES;
				CLANG_WARN_UNGUARDED_AVAILABILITY = YES_AGGRESSIVE;
				CLANG_WARN_UNREACHABLE_CODE = YES;
				CLANG_WARN__DUPLICATE_METHOD_MATCH = YES;
				COPY_PHASE_STRIP = NO;
				DEBUG_INFORMATION_FORMAT = "dwarf-with-dsym";
				ENABLE_NS_ASSERTIONS = NO;
				ENABLE_STRICT_OBJC_MSGSEND = YES;
				GCC_C_LANGUAGE_STANDARD = gnu11;
				GCC_NO_COMMON_BLOCKS = YES;
				GCC_WARN_64_TO_32_BIT_CONVERSION = YES;
				GCC_WARN_ABOUT_RETURN_TYPE = YES_ERROR;
				GCC_WARN_UNDECLARED_SELECTOR = YES;
				GCC_WARN_UNINITIALIZED_AUTOS = YES_AGGRESSIVE;
				GCC_WARN_UNUSED_FUNCTION = YES;
				GCC_WARN_UNUSED_VARIABLE = YES;
				MTL_ENABLE_DEBUG_INFO = NO;
				MTL_FAST_MATH = YES;
				PRODUCT_NAME = "$(TARGET_NAME)";
				SWIFT_COMPILATION_MODE = wholemodule;
				SWIFT_OPTIMIZATION_LEVEL = "-O";
				SWIFT_VERSION = 5.0;
			};
			name = Release;
		};
		A24584970A1C72FA1D5790AC /* Debug */ = {
			isa = XCBuildConfiguration;
			buildSettings = {
				ASSETCATALOG_COMPILER_APPICON_NAME = AppIcon;
				ASSETCATALOG_COMPILER_GLOBAL_ACCENT_COLOR_NAME = AccentColor;
				CLANG_ENABLE_OBJC_WEAK = NO;
				CODE_SIGN_STYLE = Automatic;
				ENABLE_PREVIEWS = YES;
				INFOPLIST_FILE = MobileHardeningKitSample/Info.plist;
				IPHONEOS_DEPLOYMENT_TARGET = 14.0;
				LD_RUNPATH_SEARCH_PATHS = "$(inherited) @executable_path/Frameworks";
				PRODUCT_BUNDLE_IDENTIFIER = "com.mekari.mobile-hardening-kit.sample";
				SDKROOT = iphoneos;
				SWIFT_VERSION = 5.0;
				TARGETED_DEVICE_FAMILY = "1,2";
			};
			name = Debug;
		};
/* End XCBuildConfiguration section */

/* Begin XCConfigurationList section */
		16F7C1ADEA922DFB4D446AD4 /* Build configuration list for PBXProject "MobileHardeningKitSample" */ = {
			isa = XCConfigurationList;
			buildConfigurations = (
				6BD9514E5DA3A3BFC0043BC7 /* Debug */,
				947E882A718E31BCCF371AF0 /* Release */,
			);
			defaultConfigurationIsVisible = 0;
			defaultConfigurationName = Release;
		};
		89317A21082CDD0F781463C7 /* Build configuration list for PBXNativeTarget "MobileHardeningKitSample" */ = {
			isa = XCConfigurationList;
			buildConfigurations = (
				9123F34BA2701E6CDE0FC637 /* Release */,
				A24584970A1C72FA1D5790AC /* Debug */,
			);
			defaultConfigurationIsVisible = 0;
			defaultConfigurationName = Release;
		};
/* End XCConfigurationList section */

/* Begin XCLocalSwiftPackageReference section */
		8B320816DD064429A9F9D3A0 /* XCLocalSwiftPackageReference ".." */ = {
			isa = XCLocalSwiftPackageReference;
			relativePath = ../..;
		};
/* End XCLocalSwiftPackageReference section */

/* Begin XCSwiftPackageProductDependency section */
		9D21228FD78FC1E20D0F7178 /* MobileHardeningKit */ = {
			isa = XCSwiftPackageProductDependency;
			productName = MobileHardeningKit;
		};
/* End XCSwiftPackageProductDependency section */
	};
	rootObject = 01E6CAD5675AE5714F906C50 /* Project object */;
}
