// !$*UTF8*$!
{
	archiveVersion = 1;
	classes = {
	};
	objectVersion = 46;
	objects = {

/* Begin PBXBuildFile section */
		2B64D492172149A9AD0B6E4F /* SampleApp.swift in Sources */ = {isa = PBXBuildFile; fileRef = D716660490018C2A038701AF /* SampleApp.swift */; };
		39CDC54A1823CBB0D3FA4D97 /* ContentView.swift in Sources */ = {isa = PBXBuildFile; fileRef = 617E7C51F4C0EC0AF8C08975 /* ContentView.swift */; };
		8A209C785EE319A5BAD47467 /* HardeningModel.swift in Sources */ = {isa = PBXBuildFile; fileRef = 77BFA549C6A5D939A60861E8 /* HardeningModel.swift */; };
		BAA868E1907F9186878A69BC /* MobileHardeningKit in Frameworks */ = {isa = PBXBuildFile; productRef = 4EEDCD49F87962F7745442A0 /* MobileHardeningKit */; };
		CEEA8BA15B15BB11A432CD46 /* Foundation.framework in Frameworks */ = {isa = PBXBuildFile; fileRef = 7D403BE055D3034D05F2642C /* Foundation.framework */; };
/* End PBXBuildFile section */

/* Begin PBXFileReference section */
		3E975FC9F8F7DFDC9A5C768D /* Info.plist */ = {isa = PBXFileReference; includeInIndex = 1; lastKnownFileType = text.plist.xml; path = Info.plist; sourceTree = "<group>"; };
		535A0422B7C5CD48EFC16E44 /* MobileHardeningKitSample.app */ = {isa = PBXFileReference; explicitFileType = wrapper.application; includeInIndex = 0; path = MobileHardeningKitSample.app; sourceTree = BUILT_PRODUCTS_DIR; };
		617E7C51F4C0EC0AF8C08975 /* ContentView.swift */ = {isa = PBXFileReference; includeInIndex = 1; lastKnownFileType = sourcecode.swift; path = ContentView.swift; sourceTree = "<group>"; };
		77BFA549C6A5D939A60861E8 /* HardeningModel.swift */ = {isa = PBXFileReference; includeInIndex = 1; lastKnownFileType = sourcecode.swift; path = HardeningModel.swift; sourceTree = "<group>"; };
		7D403BE055D3034D05F2642C /* Foundation.framework */ = {isa = PBXFileReference; lastKnownFileType = wrapper.framework; name = Foundation.framework; path = Platforms/iPhoneOS.platform/Developer/SDKs/iPhoneOS18.0.sdk/System/Library/Frameworks/Foundation.framework; sourceTree = DEVELOPER_DIR; };
		D716660490018C2A038701AF /* SampleApp.swift */ = {isa = PBXFileReference; includeInIndex = 1; lastKnownFileType = sourcecode.swift; path = SampleApp.swift; sourceTree = "<group>"; };
/* End PBXFileReference section */

/* Begin PBXFrameworksBuildPhase section */
		3A5C8660CED12B6BA0F513F5 /* Frameworks */ = {
			isa = PBXFrameworksBuildPhase;
			buildActionMask = 2147483647;
			files = (
				CEEA8BA15B15BB11A432CD46 /* Foundation.framework in Frameworks */,
				BAA868E1907F9186878A69BC /* MobileHardeningKit in Frameworks */,
			);
			runOnlyForDeploymentPostprocessing = 0;
		};
/* End PBXFrameworksBuildPhase section */

/* Begin PBXGroup section */
		2D92086239E5B12A7E9A3F28 /* Frameworks */ = {
			isa = PBXGroup;
			children = (
				518A26A8394DEA9398AA5F83 /* iOS */,
			);
			name = Frameworks;
			sourceTree = "<group>";
		};
		518A26A8394DEA9398AA5F83 /* iOS */ = {
			isa = PBXGroup;
			children = (
				7D403BE055D3034D05F2642C /* Foundation.framework */,
			);
			name = iOS;
			sourceTree = "<group>";
		};
		539CEF9E41565BC77C4B5539 /* Products */ = {
			isa = PBXGroup;
			children = (
				535A0422B7C5CD48EFC16E44 /* MobileHardeningKitSample.app */,
			);
			name = Products;
			sourceTree = "<group>";
		};
		A633123411431104934D2512 = {
			isa = PBXGroup;
			children = (
				539CEF9E41565BC77C4B5539 /* Products */,
				2D92086239E5B12A7E9A3F28 /* Frameworks */,
				C4FCA63CD74483B33020BA1B /* MobileHardeningKitSample */,
			);
			sourceTree = "<group>";
		};
		C4FCA63CD74483B33020BA1B /* MobileHardeningKitSample */ = {
			isa = PBXGroup;
			children = (
				D716660490018C2A038701AF /* SampleApp.swift */,
				77BFA549C6A5D939A60861E8 /* HardeningModel.swift */,
				617E7C51F4C0EC0AF8C08975 /* ContentView.swift */,
				3E975FC9F8F7DFDC9A5C768D /* Info.plist */,
			);
			name = MobileHardeningKitSample;
			path = MobileHardeningKitSample;
			sourceTree = "<group>";
		};
/* End PBXGroup section */

/* Begin PBXNativeTarget section */
		CE224B44231BEB81C3EE3C4B /* MobileHardeningKitSample */ = {
			isa = PBXNativeTarget;
			buildConfigurationList = 1000746D62F725667A503935 /* Build configuration list for PBXNativeTarget "MobileHardeningKitSample" */;
			buildPhases = (
				066DCA7877B25BFCA8ACC2C2 /* Sources */,
				3A5C8660CED12B6BA0F513F5 /* Frameworks */,
				400CE40E2B6B4AA6D4B7CD12 /* Resources */,
			);
			buildRules = (
			);
			dependencies = (
			);
			name = MobileHardeningKitSample;
			packageProductDependencies = (
				4EEDCD49F87962F7745442A0 /* MobileHardeningKit */,
			);
			productName = MobileHardeningKitSample;
			productReference = 535A0422B7C5CD48EFC16E44 /* MobileHardeningKitSample.app */;
			productType = "com.apple.product-type.application";
		};
/* End PBXNativeTarget section */

/* Begin PBXProject section */
		EAFF01B4DE86D7643F819EF8 /* Project object */ = {
			isa = PBXProject;
			attributes = {
				LastSwiftUpdateCheck = 1600;
				LastUpgradeCheck = 1600;
			};
			buildConfigurationList = 7B168BB64869A724E9D09168 /* Build configuration list for PBXProject "MobileHardeningKitSample" */;
			compatibilityVersion = "Xcode 3.2";
			developmentRegion = en;
			hasScannedForEncodings = 0;
			knownRegions = (
				en,
				Base,
			);
			mainGroup = A633123411431104934D2512;
			minimizedProjectReferenceProxies = 0;
			packageReferences = (
				2314E805DFF0C5B62DDF2255 /* XCLocalSwiftPackageReference ".." */,
			);
			preferredProjectObjectVersion = 77;
			productRefGroup = 539CEF9E41565BC77C4B5539 /* Products */;
			projectDirPath = "";
			projectRoot = "";
			targets = (
				CE224B44231BEB81C3EE3C4B /* MobileHardeningKitSample */,
			);
		};
/* End PBXProject section */

/* Begin PBXResourcesBuildPhase section */
		400CE40E2B6B4AA6D4B7CD12 /* Resources */ = {
			isa = PBXResourcesBuildPhase;
			buildActionMask = 2147483647;
			files = (
			);
			runOnlyForDeploymentPostprocessing = 0;
		};
/* End PBXResourcesBuildPhase section */

/* Begin PBXSourcesBuildPhase section */
		066DCA7877B25BFCA8ACC2C2 /* Sources */ = {
			isa = PBXSourcesBuildPhase;
			buildActionMask = 2147483647;
			files = (
				2B64D492172149A9AD0B6E4F /* SampleApp.swift in Sources */,
				8A209C785EE319A5BAD47467 /* HardeningModel.swift in Sources */,
				39CDC54A1823CBB0D3FA4D97 /* ContentView.swift in Sources */,
			);
			runOnlyForDeploymentPostprocessing = 0;
		};
/* End PBXSourcesBuildPhase section */

/* Begin XCBuildConfiguration section */
		203BB3CEF082DA94528C28E5 /* Release */ = {
			isa = XCBuildConfiguration;
			buildSettings = {
				ALWAYS_SEARCH_USER_PATHS = NO;
				CLANG_ANALYZER_NONNULL = YES;
				CLANG_ANALYZER_NUMBER_OBJECT_CONVERSION = YES_AGGRESSIVE;
				CLANG_CXX_LANGUAGE_STANDARD = "gnu++14";
				CLANG_CXX_LIBRARY = "libc++";
				CLANG_ENABLE_MODULES = YES;
				CLANG_ENABLE_OBJC_ARC = YES;
				CLANG_ENABLE_OBJC_WEAK = YES;
				CLANG_WARN_BLOCK_CAPTURE_AUTORELEASING = YES;
				CLANG_WARN_BOOL_CONVERSION = YES;
				CLANG_WARN_COMMA = YES;
				CLANG_WARN_CONSTANT_CONVERSION = YES;
				CLANG_WARN_DEPRECATED_OBJC_IMPLEMENTATIONS = YES;
				CLANG_WARN_DIRECT_OBJC_ISA_USAGE = YES_ERROR;
				CLANG_WARN_DOCUMENTATION_COMMENTS = YES;
				CLANG_WARN_EMPTY_BODY = YES;
				CLANG_WARN_ENUM_CONVERSION = YES;
				CLANG_WARN_INFINITE_RECURSION = YES;
				CLANG_WARN_INT_CONVERSION = YES;
				CLANG_WARN_NON_LITERAL_NULL_CONVERSION = YES;
				CLANG_WARN_OBJC_IMPLICIT_RETAIN_SELF = YES;
				CLANG_WARN_OBJC_LITERAL_CONVERSION = YES;
				CLANG_WARN_OBJC_ROOT_CLASS = YES_ERROR;
				CLANG_WARN_QUOTED_INCLUDE_IN_FRAMEWORK_HEADER = YES;
				CLANG_WARN_RANGE_LOOP_ANALYSIS = YES;
				CLANG_WARN_STRICT_PROTOTYPES = YES;
				CLANG_WARN_SUSPICIOUS_MOVE = YES;
				CLANG_WARN_UNGUARDED_AVAILABILITY = YES_AGGRESSIVE;
				CLANG_WARN_UNREACHABLE_CODE = YES;
				CLANG_WARN__DUPLICATE_METHOD_MATCH = YES;
				COPY_PHASE_STRIP = NO;
				DEBUG_INFORMATION_FORMAT = "dwarf-with-dsym";
				ENABLE_NS_ASSERTIONS = NO;
				ENABLE_STRICT_OBJC_MSGSEND = YES;
				GCC_C_LANGUAGE_STANDARD = gnu11;
				GCC_NO_COMMON_BLOCKS = YES;
				GCC_WARN_64_TO_32_BIT_CONVERSION = YES;
				GCC_WARN_ABOUT_RETURN_TYPE = YES_ERROR;
				GCC_WARN_UNDECLARED_SELECTOR = YES;
				GCC_WARN_UNINITIALIZED_AUTOS = YES_AGGRESSIVE;
				GCC_WARN_UNUSED_FUNCTION = YES;
				GCC_WARN_UNUSED_VARIABLE = YES;
				MTL_ENABLE_DEBUG_INFO = NO;
				MTL_FAST_MATH = YES;
				PRODUCT_NAME = "$(TARGET_NAME)";
				SWIFT_COMPILATION_MODE = wholemodule;
				SWIFT_OPTIMIZATION_LEVEL = "-O";
				SWIFT_VERSION = 5.0;
			};
			name = Release;
		};
		7E348D06864BC94ED7FFB4F6 /* Debug */ = {
			isa = XCBuildConfiguration;
			buildSettings = {
				ASSETCATALOG_COMPILER_APPICON_NAME = AppIcon;
				ASSETCATALOG_COMPILER_GLOBAL_ACCENT_COLOR_NAME = AccentColor;
				CLANG_ENABLE_OBJC_WEAK = NO;
				CODE_SIGN_STYLE = Automatic;
				ENABLE_PREVIEWS = YES;
				INFOPLIST_FILE = MobileHardeningKitSample/Info.plist;
				IPHONEOS_DEPLOYMENT_TARGET = 14.0;
				LD_RUNPATH_SEARCH_PATHS = "$(inherited) @executable_path/Frameworks";
				PRODUCT_BUNDLE_IDENTIFIER = "com.mekari.mobile-hardening-kit.sample";
				SDKROOT = iphoneos;
				SWIFT_VERSION = 5.0;
				TARGETED_DEVICE_FAMILY = "1,2";
			};
			name = Debug;
		};
		A025003374B5DB8B6CAAA01C /* Release */ = {
			isa = XCBuildConfiguration;
			buildSettings = {
				ASSETCATALOG_COMPILER_APPICON_NAME = AppIcon;
				ASSETCATALOG_COMPILER_GLOBAL_ACCENT_COLOR_NAME = AccentColor;
				CLANG_ENABLE_OBJC_WEAK = NO;
				CODE_SIGN_STYLE = Automatic;
				ENABLE_PREVIEWS = YES;
				INFOPLIST_FILE = MobileHardeningKitSample/Info.plist;
				IPHONEOS_DEPLOYMENT_TARGET = 14.0;
				LD_RUNPATH_SEARCH_PATHS = "$(inherited) @executable_path/Frameworks";
				PRODUCT_BUNDLE_IDENTIFIER = "com.mekari.mobile-hardening-kit.sample";
				SDKROOT = iphoneos;
				SWIFT_VERSION = 5.0;
				TARGETED_DEVICE_FAMILY = "1,2";
				VALIDATE_PRODUCT = YES;
			};
			name = Release;
		};
		DF7F660B32363BC1E73374B4 /* Debug */ = {
			isa = XCBuildConfiguration;
			buildSettings = {
				ALWAYS_SEARCH_USER_PATHS = NO;
				CLANG_ANALYZER_NONNULL = YES;
				CLANG_ANALYZER_NUMBER_OBJECT_CONVERSION = YES_AGGRESSIVE;
				CLANG_CXX_LANGUAGE_STANDARD = "gnu++14";
				CLANG_CXX_LIBRARY = "libc++";
				CLANG_ENABLE_MODULES = YES;
				CLANG_ENABLE_OBJC_ARC = YES;
				CLANG_ENABLE_OBJC_WEAK = YES;
				CLANG_WARN_BLOCK_CAPTURE_AUTORELEASING = YES;
				CLANG_WARN_BOOL_CONVERSION = YES;
				CLANG_WARN_COMMA = YES;
				CLANG_WARN_CONSTANT_CONVERSION = YES;
				CLANG_WARN_DEPRECATED_OBJC_IMPLEMENTATIONS = YES;
				CLANG_WARN_DIRECT_OBJC_ISA_USAGE = YES_ERROR;
				CLANG_WARN_DOCUMENTATION_COMMENTS = YES;
				CLANG_WARN_EMPTY_BODY = YES;
				CLANG_WARN_ENUM_CONVERSION = YES;
				CLANG_WARN_INFINITE_RECURSION = YES;
				CLANG_WARN_INT_CONVERSION = YES;
				CLANG_WARN_NON_LITERAL_NULL_CONVERSION = YES;
				CLANG_WARN_OBJC_IMPLICIT_RETAIN_SELF = YES;
				CLANG_WARN_OBJC_LITERAL_CONVERSION = YES;
				CLANG_WARN_OBJC_ROOT_CLASS = YES_ERROR;
				CLANG_WARN_QUOTED_INCLUDE_IN_FRAMEWORK_HEADER = YES;
				CLANG_WARN_RANGE_LOOP_ANALYSIS = YES;
				CLANG_WARN_STRICT_PROTOTYPES = YES;
				CLANG_WARN_SUSPICIOUS_MOVE = YES;
				CLANG_WARN_UNGUARDED_AVAILABILITY = YES_AGGRESSIVE;
				CLANG_WARN_UNREACHABLE_CODE = YES;
				CLANG_WARN__DUPLICATE_METHOD_MATCH = YES;
				COPY_PHASE_STRIP = NO;
				DEBUG_INFORMATION_FORMAT = dwarf;
				ENABLE_STRICT_OBJC_MSGSEND = YES;
				ENABLE_TESTABILITY = YES;
				GCC_C_LANGUAGE_STANDARD = gnu11;
				GCC_DYNAMIC_NO_PIC = NO;
				GCC_NO_COMMON_BLOCKS = YES;
				GCC_OPTIMIZATION_LEVEL = 0;
				GCC_PREPROCESSOR_DEFINITIONS = (
					"DEBUG=1",
					"$(inherited)",
				);
				GCC_WARN_64_TO_32_BIT_CONVERSION = YES;
				GCC_WARN_ABOUT_RETURN_TYPE = YES_ERROR;
				GCC_WARN_UNDECLARED_SELECTOR = YES;
				GCC_WARN_UNINITIALIZED_AUTOS = YES_AGGRESSIVE;
				GCC_WARN_UNUSED_FUNCTION = YES;
				GCC_WARN_UNUSED_VARIABLE = YES;
				MTL_ENABLE_DEBUG_INFO = INCLUDE_SOURCE;
				MTL_FAST_MATH = YES;
				ONLY_ACTIVE_ARCH = YES;
				PRODUCT_NAME = "$(TARGET_NAME)";
				SWIFT_ACTIVE_COMPILATION_CONDITIONS = DEBUG;
				SWIFT_OPTIMIZATION_LEVEL = "-Onone";
				SWIFT_VERSION = 5.0;
			};
			name = Debug;
		};
/* End XCBuildConfiguration section */

/* Begin XCConfigurationList section */
		1000746D62F725667A503935 /* Build configuration list for PBXNativeTarget "MobileHardeningKitSample" */ = {
			isa = XCConfigurationList;
			buildConfigurations = (
				A025003374B5DB8B6CAAA01C /* Release */,
				7E348D06864BC94ED7FFB4F6 /* Debug */,
			);
			defaultConfigurationIsVisible = 0;
			defaultConfigurationName = Release;
		};
		7B168BB64869A724E9D09168 /* Build configuration list for PBXProject "MobileHardeningKitSample" */ = {
			isa = XCConfigurationList;
			buildConfigurations = (
				DF7F660B32363BC1E73374B4 /* Debug */,
				203BB3CEF082DA94528C28E5 /* Release */,
			);
			defaultConfigurationIsVisible = 0;
			defaultConfigurationName = Release;
		};
/* End XCConfigurationList section */

/* Begin XCLocalSwiftPackageReference section */
		2314E805DFF0C5B62DDF2255 /* XCLocalSwiftPackageReference ".." */ = {
			isa = XCLocalSwiftPackageReference;
			relativePath = ../..;
		};
/* End XCLocalSwiftPackageReference section */

/* Begin XCSwiftPackageProductDependency section */
		4EEDCD49F87962F7745442A0 /* MobileHardeningKit */ = {
			isa = XCSwiftPackageProductDependency;
			productName = MobileHardeningKit;
		};
/* End XCSwiftPackageProductDependency section */
	};
	rootObject = EAFF01B4DE86D7643F819EF8 /* Project object */;
}
